
Microsoft Visual Studio Solution File, Format Version 12.00
# Visual Studio 15
Project("{FAE04EC0-301F-11D3-BF4B-00C04F79EFBC}") = "Assembly-CSharp", "Assembly-CSharp.csproj", "{DECE8987-38A9-8442-1EA0-2D2671C4818C}"
EndProject
Global
	GlobalSection(SolutionConfigurationPlatforms) = preSolution
		Debug|Any CPU = Debug|Any CPU
		Release|Any CPU = Release|Any CPU
	EndGlobalSection
	GlobalSection(ProjectConfigurationPlatforms) = postSolution
		{DECE8987-38A9-8442-1EA0-2D2671C4818C}.Debug|Any CPU.ActiveCfg = Debug|Any CPU
		{DECE8987-38A9-8442-1EA0-2D2671C4818C}.Debug|Any CPU.Build.0 = Debug|Any CPU
		{DECE8987-38A9-8442-1EA0-2D2671C4818C}.Release|Any CPU.ActiveCfg = Release|Any CPU
		{DECE8987-38A9-8442-1EA0-2D2671C4818C}.Release|Any CPU.Build.0 = Release|Any CPU
	EndGlobalSection
	GlobalSection(SolutionProperties) = preSolution
		HideSolutionNode = FALSE
	EndGlobalSection
EndGlobal
